Microsoft Visual Studio Solution File, Format Version 12.00
# Visual Studio Version 17
VisualStudioVersion = 17.5.2.0
MinimumVisualStudioVersion = 10.0.40219.1
Project("{FAE04EC0-301F-11D3-BF4B-00C04F79EFBC}") = "JogoDaVelhaFrontend", "JogoDaVelhaFrontend\JogoDaVelhaFrontend.csproj", "{D9DFD8C5-A65A-ACAF-6098-7F51BDCA7AE3}"
EndProject
Global
	GlobalSection(SolutionConfigurationPlatforms) = preSolution
		Debug|Any CPU = Debug|Any CPU
		Release|Any CPU = Release|Any CPU
	EndGlobalSection
	GlobalSection(ProjectConfigurationPlatforms) = postSolution
		{D9DFD8C5-A65A-ACAF-6098-7F51BDCA7AE3}.Debug|Any CPU.ActiveCfg = Debug|Any CPU
		{D9DFD8C5-A65A-ACAF-6098-7F51BDCA7AE3}.Debug|Any CPU.Build.0 = Debug|Any CPU
		{D9DFD8C5-A65A-ACAF-6098-7F51BDCA7AE3}.Release|Any CPU.ActiveCfg = Release|Any CPU
		{D9DFD8C5-A65A-ACAF-6098-7F51BDCA7AE3}.Release|Any CPU.Build.0 = Release|Any CPU
	EndGlobalSection
	GlobalSection(SolutionProperties) = preSolution
		HideSolutionNode = FALSE
	EndGlobalSection
	GlobalSection(ExtensibilityGlobals) = postSolution
		SolutionGuid = {875E009D-9518-4F3E-81E4-98636CF47232}
	EndGlobalSection
EndGlobal
